
Microsoft Visual Studio Solution File, Format Version 12.00
Project("{FAE04EC0-301F-11D3-BF4B-00C04F79EFBC}") = "HowClient", "HowClient.csproj", "{0520E002-3C41-4C37-8D37-52C8E92EDE4E}"
EndProject
Global
	GlobalSection(SolutionConfigurationPlatforms) = preSolution
		Debug|Any CPU = Debug|Any CPU
		Release|Any CPU = Release|Any CPU
	EndGlobalSection
	GlobalSection(ProjectConfigurationPlatforms) = postSolution
		{0520E002-3C41-4C37-8D37-52C8E92EDE4E}.Debug|Any CPU.ActiveCfg = Debug|Any CPU
		{0520E002-3C41-4C37-8D37-52C8E92EDE4E}.Debug|Any CPU.Build.0 = Debug|Any CPU
		{0520E002-3C41-4C37-8D37-52C8E92EDE4E}.Release|Any CPU.ActiveCfg = Release|Any CPU
		{0520E002-3C41-4C37-8D37-52C8E92EDE4E}.Release|Any CPU.Build.0 = Release|Any CPU
	EndGlobalSection
EndGlobal
